// !$*UTF8*$!
{
	archiveVersion = 1;
	classes = {
	};
	objectVersion = 46;
	objects = {

/* Begin PBXBuildFile section */
		43695B7E1CF3DE3600EBB2E8 /* AppDelegate.swift in Sources */ = {isa = PBXBuildFile; fileRef = 43695B7D1CF3DE3600EBB2E8 /* AppDelegate.swift */; };
		43695B801CF3DE3600EBB2E8 /* ViewController.swift in Sources */ = {isa = PBXBuildFile; fileRef = 43695B7F1CF3DE3600EBB2E8 /* ViewController.swift */; };
		43695B851CF3DE3600EBB2E8 /* Assets.xcassets in Resources */ = {isa = PBXBuildFile; fileRef = 43695B841CF3DE3600EBB2E8 /* Assets.xcassets */; };
		43695B881CF3DE3600EBB2E8 /* LaunchScreen.storyboard in Resources */ = {isa = PBXBuildFile; fileRef = 43695B861CF3DE3600EBB2E8 /* LaunchScreen.storyboard */; };
		43695B931CF3DE3600EBB2E8 /* StructArchiverTests.swift in Sources */ = {isa = PBXBuildFile; fileRef = 43695B921CF3DE3600EBB2E8 /* StructArchiverTests.swift */; };
		43695B9F1CF3DE6800EBB2E8 /* Archivable.swift in Sources */ = {isa = PBXBuildFile; fileRef = 43695B9E1CF3DE6800EBB2E8 /* Archivable.swift */; };
		43695BA21CF3DEC000EBB2E8 /* Archiver.swift in Sources */ = {isa = PBXBuildFile; fileRef = 43695BA11CF3DEC000EBB2E8 /* Archiver.swift */; };
		43695BA51CF3E00B00EBB2E8 /* CustomArchivable.swift in Sources */ = {isa = PBXBuildFile; fileRef = 43695BA41CF3E00B00EBB2E8 /* CustomArchivable.swift */; };
		43695BB11CF4226600EBB2E8 /* DataSource.swift in Sources */ = {isa = PBXBuildFile; fileRef = 43695BB01CF4226600EBB2E8 /* DataSource.swift */; };
		43C7F0C71CF511FC0083BC29 /* SampleStruct.swift in Sources */ = {isa = PBXBuildFile; fileRef = 43695BA71CF3E24800EBB2E8 /* SampleStruct.swift */; };
/* End PBXBuildFile section */

/* Begin PBXContainerItemProxy section */
		43695B8F1CF3DE3600EBB2E8 /* PBXContainerItemProxy */ = {
			isa = PBXContainerItemProxy;
			containerPortal = 43695B721CF3DE3600EBB2E8 /* Project object */;
			proxyType = 1;
			remoteGlobalIDString = 43695B791CF3DE3600EBB2E8;
			remoteInfo = StructArchiver;
		};
/* End PBXContainerItemProxy section */

/* Begin PBXFileReference section */
		43695B7A1CF3DE3600EBB2E8 /* StructArchiver.app */ = {isa = PBXFileReference; explicitFileType = wrapper.application; includeInIndex = 0; path = StructArchiver.app; sourceTree = BUILT_PRODUCTS_DIR; };
		43695B7D1CF3DE3600EBB2E8 /* AppDelegate.swift */ = {isa = PBXFileReference; lastKnownFileType = sourcecode.swift; path = AppDelegate.swift; sourceTree = "<group>"; };
		43695B7F1CF3DE3600EBB2E8 /* ViewController.swift */ = {isa = PBXFileReference; lastKnownFileType = sourcecode.swift; path = ViewController.swift; sourceTree = "<group>"; };
		43695B841CF3DE3600EBB2E8 /* Assets.xcassets */ = {isa = PBXFileReference; lastKnownFileType = folder.assetcatalog; path = Assets.xcassets; sourceTree = "<group>"; };
		43695B871CF3DE3600EBB2E8 /* Base */ = {isa = PBXFileReference; lastKnownFileType = file.storyboard; name = Base; path = Base.lproj/LaunchScreen.storyboard; sourceTree = "<group>"; };
		43695B891CF3DE3600EBB2E8 /* Info.plist */ = {isa = PBXFileReference; lastKnownFileType = text.plist.xml; path = Info.plist; sourceTree = "<group>"; };
		43695B8E1CF3DE3600EBB2E8 /* StructArchiverTests.xctest */ = {isa = PBXFileReference; explicitFileType = wrapper.cfbundle; includeInIndex = 0; path = StructArchiverTests.xctest; sourceTree = BUILT_PRODUCTS_DIR; };
		43695B921CF3DE3600EBB2E8 /* StructArchiverTests.swift */ = {isa = PBXFileReference; lastKnownFileType = sourcecode.swift; path = StructArchiverTests.swift; sourceTree = "<group>"; };
		43695B941CF3DE3600EBB2E8 /* Info.plist */ = {isa = PBXFileReference; lastKnownFileType = text.plist.xml; path = Info.plist; sourceTree = "<group>"; };
		43695B9E1CF3DE6800EBB2E8 /* Archivable.swift */ = {isa = PBXFileReference; fileEncoding = 4; lastKnownFileType = sourcecode.swift; path = Archivable.swift; sourceTree = "<group>"; };
		43695BA11CF3DEC000EBB2E8 /* Archiver.swift */ = {isa = PBXFileReference; fileEncoding = 4; lastKnownFileType = sourcecode.swift; path = Archiver.swift; sourceTree = "<group>"; };
		43695BA41CF3E00B00EBB2E8 /* CustomArchivable.swift */ = {isa = PBXFileReference; fileEncoding = 4; lastKnownFileType = sourcecode.swift; path = CustomArchivable.swift; sourceTree = "<group>"; };
		43695BA71CF3E24800EBB2E8 /* SampleStruct.swift */ = {isa = PBXFileReference; fileEncoding = 4; lastKnownFileType = sourcecode.swift; path = SampleStruct.swift; sourceTree = "<group>"; };
		43695BB01CF4226600EBB2E8 /* DataSource.swift */ = {isa = PBXFileReference; fileEncoding = 4; lastKnownFileType = sourcecode.swift; path = DataSource.swift; sourceTree = "<group>"; };
/* End PBXFileReference section */

/* Begin PBXFrameworksBuildPhase section */
		43695B771CF3DE3600EBB2E8 /* Frameworks */ = {
			isa = PBXFrameworksBuildPhase;
			buildActionMask = 2147483647;
			files = (
			);
			runOnlyForDeploymentPostprocessing = 0;
		};
		43695B8B1CF3DE3600EBB2E8 /* Frameworks */ = {
			isa = PBXFrameworksBuildPhase;
			buildActionMask = 2147483647;
			files = (
			);
			runOnlyForDeploymentPostprocessing = 0;
		};
/* End PBXFrameworksBuildPhase section */

/* Begin PBXGroup section */
		43695B711CF3DE3600EBB2E8 = {
			isa = PBXGroup;
			children = (
				43695B7C1CF3DE3600EBB2E8 /* StructArchiver */,
				43695B911CF3DE3600EBB2E8 /* StructArchiverTests */,
				43695B7B1CF3DE3600EBB2E8 /* Products */,
			);
			sourceTree = "<group>";
		};
		43695B7B1CF3DE3600EBB2E8 /* Products */ = {
			isa = PBXGroup;
			children = (
				43695B7A1CF3DE3600EBB2E8 /* StructArchiver.app */,
				43695B8E1CF3DE3600EBB2E8 /* StructArchiverTests.xctest */,
			);
			name = Products;
			sourceTree = "<group>";
		};
		43695B7C1CF3DE3600EBB2E8 /* StructArchiver */ = {
			isa = PBXGroup;
			children = (
				43695B9D1CF3DE5300EBB2E8 /* Source */,
				43695BA71CF3E24800EBB2E8 /* SampleStruct.swift */,
				43695B7D1CF3DE3600EBB2E8 /* AppDelegate.swift */,
				43695B7F1CF3DE3600EBB2E8 /* ViewController.swift */,
				43695BB01CF4226600EBB2E8 /* DataSource.swift */,
				43695B841CF3DE3600EBB2E8 /* Assets.xcassets */,
				43695B861CF3DE3600EBB2E8 /* LaunchScreen.storyboard */,
				43695B891CF3DE3600EBB2E8 /* Info.plist */,
			);
			path = StructArchiver;
			sourceTree = "<group>";
		};
		43695B911CF3DE3600EBB2E8 /* StructArchiverTests */ = {
			isa = PBXGroup;
			children = (
				43695B921CF3DE3600EBB2E8 /* StructArchiverTests.swift */,
				43695B941CF3DE3600EBB2E8 /* Info.plist */,
			);
			path = StructArchiverTests;
			sourceTree = "<group>";
		};
		43695B9D1CF3DE5300EBB2E8 /* Source */ = {
			isa = PBXGroup;
			children = (
				43695BA11CF3DEC000EBB2E8 /* Archiver.swift */,
				43695B9E1CF3DE6800EBB2E8 /* Archivable.swift */,
				43695BA41CF3E00B00EBB2E8 /* CustomArchivable.swift */,
			);
			path = Source;
			sourceTree = SOURCE_ROOT;
		};
/* End PBXGroup section */

/* Begin PBXNativeTarget section */
		43695B791CF3DE3600EBB2E8 /* StructArchiver */ = {
			isa = PBXNativeTarget;
			buildConfigurationList = 43695B971CF3DE3600EBB2E8 /* Build configuration list for PBXNativeTarget "StructArchiver" */;
			buildPhases = (
				43695B761CF3DE3600EBB2E8 /* Sources */,
				43695B771CF3DE3600EBB2E8 /* Frameworks */,
				43695B781CF3DE3600EBB2E8 /* Resources */,
			);
			buildRules = (
			);
			dependencies = (
			);
			name = StructArchiver;
			productName = StructArchiver;
			productReference = 43695B7A1CF3DE3600EBB2E8 /* StructArchiver.app */;
			productType = "com.apple.product-type.application";
		};
		43695B8D1CF3DE3600EBB2E8 /* StructArchiverTests */ = {
			isa = PBXNativeTarget;
			buildConfigurationList = 43695B9A1CF3DE3600EBB2E8 /* Build configuration list for PBXNativeTarget "StructArchiverTests" */;
			buildPhases = (
				43695B8A1CF3DE3600EBB2E8 /* Sources */,
				43695B8B1CF3DE3600EBB2E8 /* Frameworks */,
				43695B8C1CF3DE3600EBB2E8 /* Resources */,
			);
			buildRules = (
			);
			dependencies = (
				43695B901CF3DE3600EBB2E8 /* PBXTargetDependency */,
			);
			name = StructArchiverTests;
			productName = StructArchiverTests;
			productReference = 43695B8E1CF3DE3600EBB2E8 /* StructArchiverTests.xctest */;
			productType = "com.apple.product-type.bundle.unit-test";
		};
/* End PBXNativeTarget section */

/* Begin PBXProject section */
		43695B721CF3DE3600EBB2E8 /* Project object */ = {
			isa = PBXProject;
			attributes = {
				LastSwiftUpdateCheck = 0730;
				LastUpgradeCheck = 0730;
				ORGANIZATIONNAME = naru;
				TargetAttributes = {
					43695B791CF3DE3600EBB2E8 = {
						CreatedOnToolsVersion = 7.3;
					};
					43695B8D1CF3DE3600EBB2E8 = {
						CreatedOnToolsVersion = 7.3;
						TestTargetID = 43695B791CF3DE3600EBB2E8;
					};
				};
			};
			buildConfigurationList = 43695B751CF3DE3600EBB2E8 /* Build configuration list for PBXProject "StructArchiver" */;
			compatibilityVersion = "Xcode 3.2";
			developmentRegion = English;
			hasScannedForEncodings = 0;
			knownRegions = (
				en,
				Base,
			);
			mainGroup = 43695B711CF3DE3600EBB2E8;
			productRefGroup = 43695B7B1CF3DE3600EBB2E8 /* Products */;
			projectDirPath = "";
			projectRoot = "";
			targets = (
				43695B791CF3DE3600EBB2E8 /* StructArchiver */,
				43695B8D1CF3DE3600EBB2E8 /* StructArchiverTests */,
			);
		};
/* End PBXProject section */

/* Begin PBXResourcesBuildPhase section */
		43695B781CF3DE3600EBB2E8 /* Resources */ = {
			isa = PBXResourcesBuildPhase;
			buildActionMask = 2147483647;
			files = (
				43695B881CF3DE3600EBB2E8 /* LaunchScreen.storyboard in Resources */,
				43695B851CF3DE3600EBB2E8 /* Assets.xcassets in Resources */,
			);
			runOnlyForDeploymentPostprocessing = 0;
		};
		43695B8C1CF3DE3600EBB2E8 /* Resources */ = {
			isa = PBXResourcesBuildPhase;
			buildActionMask = 2147483647;
			files = (
			);
			runOnlyForDeploymentPostprocessing = 0;
		};
/* End PBXResourcesBuildPhase section */

/* Begin PBXSourcesBuildPhase section */
		43695B761CF3DE3600EBB2E8 /* Sources */ = {
			isa = PBXSourcesBuildPhase;
			buildActionMask = 2147483647;
			files = (
				43695BB11CF4226600EBB2E8 /* DataSource.swift in Sources */,
				43695B9F1CF3DE6800EBB2E8 /* Archivable.swift in Sources */,
				43695BA21CF3DEC000EBB2E8 /* Archiver.swift in Sources */,
				43695B801CF3DE3600EBB2E8 /* ViewController.swift in Sources */,
				43695B7E1CF3DE3600EBB2E8 /* AppDelegate.swift in Sources */,
				43695BA51CF3E00B00EBB2E8 /* CustomArchivable.swift in Sources */,
				43C7F0C71CF511FC0083BC29 /* SampleStruct.swift in Sources */,
			);
			runOnlyForDeploymentPostprocessing = 0;
		};
		43695B8A1CF3DE3600EBB2E8 /* Sources */ = {
			isa = PBXSourcesBuildPhase;
			buildActionMask = 2147483647;
			files = (
				43695B931CF3DE3600EBB2E8 /* StructArchiverTests.swift in Sources */,
			);
			runOnlyForDeploymentPostprocessing = 0;
		};
/* End PBXSourcesBuildPhase section */

/* Begin PBXTargetDependency section */
		43695B901CF3DE3600EBB2E8 /* PBXTargetDependency */ = {
			isa = PBXTargetDependency;
			target = 43695B791CF3DE3600EBB2E8 /* StructArchiver */;
			targetProxy = 43695B8F1CF3DE3600EBB2E8 /* PBXContainerItemProxy */;
		};
/* End PBXTargetDependency section */

/* Begin PBXVariantGroup section */
		43695B861CF3DE3600EBB2E8 /* LaunchScreen.storyboard */ = {
			isa = PBXVariantGroup;
			children = (
				43695B871CF3DE3600EBB2E8 /* Base */,
			);
			name = LaunchScreen.storyboard;
			sourceTree = "<group>";
		};
/* End PBXVariantGroup section */

/* Begin XCBuildConfiguration section */
		43695B951CF3DE3600EBB2E8 /* Debug */ = {
			isa = XCBuildConfiguration;
			buildSettings = {
				ALWAYS_SEARCH_USER_PATHS = NO;
				CLANG_ANALYZER_NONNULL = YES;
				CLANG_CXX_LANGUAGE_STANDARD = "gnu++0x";
				CLANG_CXX_LIBRARY = "libc++";
				CLANG_ENABLE_MODULES = YES;
				CLANG_ENABLE_OBJC_ARC = YES;
				CLANG_WARN_BOOL_CONVERSION = YES;
				CLANG_WARN_CONSTANT_CONVERSION = YES;
				CLANG_WARN_DIRECT_OBJC_ISA_USAGE = YES_ERROR;
				CLANG_WARN_EMPTY_BODY = YES;
				CLANG_WARN_ENUM_CONVERSION = YES;
				CLANG_WARN_INT_CONVERSION = YES;
				CLANG_WARN_OBJC_ROOT_CLASS = YES_ERROR;
				CLANG_WARN_UNREACHABLE_CODE = YES;
				CLANG_WARN__DUPLICATE_METHOD_MATCH = YES;
				"CODE_SIGN_IDENTITY[sdk=iphoneos*]" = "iPhone Developer";
				COPY_PHASE_STRIP = NO;
				DEBUG_INFORMATION_FORMAT = dwarf;
				ENABLE_STRICT_OBJC_MSGSEND = YES;
				ENABLE_TESTABILITY = YES;
				GCC_C_LANGUAGE_STANDARD = gnu99;
				GCC_DYNAMIC_NO_PIC = NO;
				GCC_NO_COMMON_BLOCKS = YES;
				GCC_OPTIMIZATION_LEVEL = 0;
				GCC_PREPROCESSOR_DEFINITIONS = (
					"DEBUG=1",
					"$(inherited)",
				);
				GCC_WARN_64_TO_32_BIT_CONVERSION = YES;
				GCC_WARN_ABOUT_RETURN_TYPE = YES_ERROR;
				GCC_WARN_UNDECLARED_SELECTOR = YES;
				GCC_WARN_UNINITIALIZED_AUTOS = YES_AGGRESSIVE;
				GCC_WARN_UNUSED_FUNCTION = YES;
				GCC_WARN_UNUSED_VARIABLE = YES;
				IPHONEOS_DEPLOYMENT_TARGET = 9.3;
				MTL_ENABLE_DEBUG_INFO = YES;
				ONLY_ACTIVE_ARCH = YES;
				OTHER_SWIFT_FLAGS = "-Xfrontend -debug-time-function-bodies";
				SDKROOT = iphoneos;
				SWIFT_OPTIMIZATION_LEVEL = "-Onone";
			};
			name = Debug;
		};
		43695B961CF3DE3600EBB2E8 /* Release */ = {
			isa = XCBuildConfiguration;
			buildSettings = {
				ALWAYS_SEARCH_USER_PATHS = NO;
				CLANG_ANALYZER_NONNULL = YES;
				CLANG_CXX_LANGUAGE_STANDARD = "gnu++0x";
				CLANG_CXX_LIBRARY = "libc++";
				CLANG_ENABLE_MODULES = YES;
				CLANG_ENABLE_OBJC_ARC = YES;
				CLANG_WARN_BOOL_CONVERSION = YES;
				CLANG_WARN_CONSTANT_CONVERSION = YES;
				CLANG_WARN_DIRECT_OBJC_ISA_USAGE = YES_ERROR;
				CLANG_WARN_EMPTY_BODY = YES;
				CLANG_WARN_ENUM_CONVERSION = YES;
				CLANG_WARN_INT_CONVERSION = YES;
				CLANG_WARN_OBJC_ROOT_CLASS = YES_ERROR;
				CLANG_WARN_UNREACHABLE_CODE = YES;
				CLANG_WARN__DUPLICATE_METHOD_MATCH = YES;
				"CODE_SIGN_IDENTITY[sdk=iphoneos*]" = "iPhone Developer";
				COPY_PHASE_STRIP = NO;
				DEBUG_INFORMATION_FORMAT = "dwarf-with-dsym";
				ENABLE_NS_ASSERTIONS = NO;
				ENABLE_STRICT_OBJC_MSGSEND = YES;
				GCC_C_LANGUAGE_STANDARD = gnu99;
				GCC_NO_COMMON_BLOCKS = YES;
				GCC_WARN_64_TO_32_BIT_CONVERSION = YES;
				GCC_WARN_ABOUT_RETURN_TYPE = YES_ERROR;
				GCC_WARN_UNDECLARED_SELECTOR = YES;
				GCC_WARN_UNINITIALIZED_AUTOS = YES_AGGRESSIVE;
				GCC_WARN_UNUSED_FUNCTION = YES;
				GCC_WARN_UNUSED_VARIABLE = YES;
				IPHONEOS_DEPLOYMENT_TARGET = 9.3;
				MTL_ENABLE_DEBUG_INFO = NO;
				OTHER_SWIFT_FLAGS = "-Xfrontend -debug-time-function-bodies";
				SDKROOT = iphoneos;
				VALIDATE_PRODUCT = YES;
			};
			name = Release;
		};
		43695B981CF3DE3600EBB2E8 /* Debug */ = {
			isa = XCBuildConfiguration;
			buildSettings = {
				ASSETCATALOG_COMPILER_APPICON_NAME = AppIcon;
				ENABLE_BITCODE = YES;
				INFOPLIST_FILE = StructArchiver/Info.plist;
				LD_RUNPATH_SEARCH_PATHS = "$(inherited) @executable_path/Frameworks";
				PRODUCT_BUNDLE_IDENTIFIER = com.jpn.naru.StructArchiver;
				PRODUCT_NAME = "$(TARGET_NAME)";
				SCAN_ALL_SOURCE_FILES_FOR_INCLUDES = NO;
			};
			name = Debug;
		};
		43695B991CF3DE3600EBB2E8 /* Release */ = {
			isa = XCBuildConfiguration;
			buildSettings = {
				ASSETCATALOG_COMPILER_APPICON_NAME = AppIcon;
				ENABLE_BITCODE = YES;
				INFOPLIST_FILE = StructArchiver/Info.plist;
				LD_RUNPATH_SEARCH_PATHS = "$(inherited) @executable_path/Frameworks";
				PRODUCT_BUNDLE_IDENTIFIER = com.jpn.naru.StructArchiver;
				PRODUCT_NAME = "$(TARGET_NAME)";
				SCAN_ALL_SOURCE_FILES_FOR_INCLUDES = NO;
			};
			name = Release;
		};
		43695B9B1CF3DE3600EBB2E8 /* Debug */ = {
			isa = XCBuildConfiguration;
			buildSettings = {
				BUNDLE_LOADER = "$(TEST_HOST)";
				INFOPLIST_FILE = StructArchiverTests/Info.plist;
				LD_RUNPATH_SEARCH_PATHS = "$(inherited) @executable_path/Frameworks @loader_path/Frameworks";
				PRODUCT_BUNDLE_IDENTIFIER = com.jpn.naru.StructArchiverTests;
				PRODUCT_NAME = "$(TARGET_NAME)";
				TEST_HOST = "$(BUILT_PRODUCTS_DIR)/StructArchiver.app/StructArchiver";
			};
			name = Debug;
		};
		43695B9C1CF3DE3600EBB2E8 /* Release */ = {
			isa = XCBuildConfiguration;
			buildSettings = {
				BUNDLE_LOADER = "$(TEST_HOST)";
				INFOPLIST_FILE = StructArchiverTests/Info.plist;
				LD_RUNPATH_SEARCH_PATHS = "$(inherited) @executable_path/Frameworks @loader_path/Frameworks";
				PRODUCT_BUNDLE_IDENTIFIER = com.jpn.naru.StructArchiverTests;
				PRODUCT_NAME = "$(TARGET_NAME)";
				TEST_HOST = "$(BUILT_PRODUCTS_DIR)/StructArchiver.app/StructArchiver";
			};
			name = Release;
		};
/* End XCBuildConfiguration section */

/* Begin XCConfigurationList section */
		43695B751CF3DE3600EBB2E8 /* Build configuration list for PBXProject "StructArchiver" */ = {
			isa = XCConfigurationList;
			buildConfigurations = (
				43695B951CF3DE3600EBB2E8 /* Debug */,
				43695B961CF3DE3600EBB2E8 /* Release */,
			);
			defaultConfigurationIsVisible = 0;
			defaultConfigurationName = Release;
		};
		43695B971CF3DE3600EBB2E8 /* Build configuration list for PBXNativeTarget "StructArchiver" */ = {
			isa = XCConfigurationList;
			buildConfigurations = (
				43695B981CF3DE3600EBB2E8 /* Debug */,
				43695B991CF3DE3600EBB2E8 /* Release */,
			);
			defaultConfigurationIsVisible = 0;
			defaultConfigurationName = Release;
		};
		43695B9A1CF3DE3600EBB2E8 /* Build configuration list for PBXNativeTarget "StructArchiverTests" */ = {
			isa = XCConfigurationList;
			buildConfigurations = (
				43695B9B1CF3DE3600EBB2E8 /* Debug */,
				43695B9C1CF3DE3600EBB2E8 /* Release */,
			);
			defaultConfigurationIsVisible = 0;
			defaultConfigurationName = Release;
		};
/* End XCConfigurationList section */
	};
	rootObject = 43695B721CF3DE3600EBB2E8 /* Project object */;
}
